// !$*UTF8*$!
{
	archiveVersion = 1;
	classes = {
	};
	objectVersion = 55;
	objects = {

/* Begin PBXBuildFile section */
		7026A2C82886D3A500249F1D /* AppDelegate.swift in Sources */ = {isa = PBXBuildFile; fileRef = 7026A2C72886D3A500249F1D /* AppDelegate.swift */; };
		7026A2CA2886D3A500249F1D /* SceneDelegate.swift in Sources */ = {isa = PBXBuildFile; fileRef = 7026A2C92886D3A500249F1D /* SceneDelegate.swift */; };
		7026A2CF2886D3A500249F1D /* Main.storyboard in Resources */ = {isa = PBXBuildFile; fileRef = 7026A2CD2886D3A500249F1D /* Main.storyboard */; };
		7026A2D12886D3A900249F1D /* Assets.xcassets in Resources */ = {isa = PBXBuildFile; fileRef = 7026A2D02886D3A900249F1D /* Assets.xcassets */; };
		7026A2D42886D3A900249F1D /* LaunchScreen.storyboard in Resources */ = {isa = PBXBuildFile; fileRef = 7026A2D22886D3A900249F1D /* LaunchScreen.storyboard */; };
		7026A2DE2886DB9500249F1D /* DataStore.swift in Sources */ = {isa = PBXBuildFile; fileRef = 7026A2DD2886DB9500249F1D /* DataStore.swift */; };
		7026A2E32886DC5800249F1D /* Person.swift in Sources */ = {isa = PBXBuildFile; fileRef = 7026A2E22886DC5800249F1D /* Person.swift */; };
		7026A2E52886DCE100249F1D /* FirstScreenOfContactsTableViewController.swift in Sources */ = {isa = PBXBuildFile; fileRef = 7026A2E42886DCE100249F1D /* FirstScreenOfContactsTableViewController.swift */; };
		7026A2E72886DD0300249F1D /* SecondScreenOfContactsTableViewController.swift in Sources */ = {isa = PBXBuildFile; fileRef = 7026A2E62886DD0300249F1D /* SecondScreenOfContactsTableViewController.swift */; };
		7026A2E92886DD8B00249F1D /* DetailsOfContactsViewController.swift in Sources */ = {isa = PBXBuildFile; fileRef = 7026A2E82886DD8B00249F1D /* DetailsOfContactsViewController.swift */; };
/* End PBXBuildFile section */

/* Begin PBXFileReference section */
		7026A2C42886D3A500249F1D /* ContactListProject.app */ = {isa = PBXFileReference; explicitFileType = wrapper.application; includeInIndex = 0; path = ContactListProject.app; sourceTree = BUILT_PRODUCTS_DIR; };
		7026A2C72886D3A500249F1D /* AppDelegate.swift */ = {isa = PBXFileReference; lastKnownFileType = sourcecode.swift; path = AppDelegate.swift; sourceTree = "<group>"; };
		7026A2C92886D3A500249F1D /* SceneDelegate.swift */ = {isa = PBXFileReference; lastKnownFileType = sourcecode.swift; path = SceneDelegate.swift; sourceTree = "<group>"; };
		7026A2CE2886D3A500249F1D /* Base */ = {isa = PBXFileReference; lastKnownFileType = file.storyboard; name = Base; path = Base.lproj/Main.storyboard; sourceTree = "<group>"; };
		7026A2D02886D3A900249F1D /* Assets.xcassets */ = {isa = PBXFileReference; lastKnownFileType = folder.assetcatalog; path = Assets.xcassets; sourceTree = "<group>"; };
		7026A2D32886D3A900249F1D /* Base */ = {isa = PBXFileReference; lastKnownFileType = file.storyboard; name = Base; path = Base.lproj/LaunchScreen.storyboard; sourceTree = "<group>"; };
		7026A2D52886D3A900249F1D /* Info.plist */ = {isa = PBXFileReference; lastKnownFileType = text.plist.xml; path = Info.plist; sourceTree = "<group>"; };
		7026A2DD2886DB9500249F1D /* DataStore.swift */ = {isa = PBXFileReference; lastKnownFileType = sourcecode.swift; path = DataStore.swift; sourceTree = "<group>"; };
		7026A2E22886DC5800249F1D /* Person.swift */ = {isa = PBXFileReference; lastKnownFileType = sourcecode.swift; path = Person.swift; sourceTree = "<group>"; };
		7026A2E42886DCE100249F1D /* FirstScreenOfContactsTableViewController.swift */ = {isa = PBXFileReference; lastKnownFileType = sourcecode.swift; path = FirstScreenOfContactsTableViewController.swift; sourceTree = "<group>"; };
		7026A2E62886DD0300249F1D /* SecondScreenOfContactsTableViewController.swift */ = {isa = PBXFileReference; lastKnownFileType = sourcecode.swift; path = SecondScreenOfContactsTableViewController.swift; sourceTree = "<group>"; };
		7026A2E82886DD8B00249F1D /* DetailsOfContactsViewController.swift */ = {isa = PBXFileReference; lastKnownFileType = sourcecode.swift; path = DetailsOfContactsViewController.swift; sourceTree = "<group>"; };
/* End PBXFileReference section */

/* Begin PBXFrameworksBuildPhase section */
		7026A2C12886D3A500249F1D /* Frameworks */ = {
			isa = PBXFrameworksBuildPhase;
			buildActionMask = 2147483647;
			files = (
			);
			runOnlyForDeploymentPostprocessing = 0;
		};
/* End PBXFrameworksBuildPhase section */

/* Begin PBXGroup section */
		7026A2BB2886D3A500249F1D = {
			isa = PBXGroup;
			children = (
				7026A2C62886D3A500249F1D /* ContactListProject */,
				7026A2C52886D3A500249F1D /* Products */,
			);
			sourceTree = "<group>";
		};
		7026A2C52886D3A500249F1D /* Products */ = {
			isa = PBXGroup;
			children = (
				7026A2C42886D3A500249F1D /* ContactListProject.app */,
			);
			name = Products;
			sourceTree = "<group>";
		};
		7026A2C62886D3A500249F1D /* ContactListProject */ = {
			isa = PBXGroup;
			children = (
				7026A2E12886DC3500249F1D /* Models */,
				7026A2DB2886DB4800249F1D /* ViewControllers */,
				7026A2DC2886DB5B00249F1D /* Services */,
				7026A2E02886DBD100249F1D /* Storyboards */,
				7026A2DF2886DBBE00249F1D /* App */,
				7026A2D02886D3A900249F1D /* Assets.xcassets */,
			);
			path = ContactListProject;
			sourceTree = "<group>";
		};
		7026A2DB2886DB4800249F1D /* ViewControllers */ = {
			isa = PBXGroup;
			children = (
				7026A2E42886DCE100249F1D /* FirstScreenOfContactsTableViewController.swift */,
				7026A2E62886DD0300249F1D /* SecondScreenOfContactsTableViewController.swift */,
				7026A2E82886DD8B00249F1D /* DetailsOfContactsViewController.swift */,
			);
			path = ViewControllers;
			sourceTree = "<group>";
		};
		7026A2DC2886DB5B00249F1D /* Services */ = {
			isa = PBXGroup;
			children = (
				7026A2DD2886DB9500249F1D /* DataStore.swift */,
			);
			path = Services;
			sourceTree = "<group>";
		};
		7026A2DF2886DBBE00249F1D /* App */ = {
			isa = PBXGroup;
			children = (
				7026A2C72886D3A500249F1D /* AppDelegate.swift */,
				7026A2C92886D3A500249F1D /* SceneDelegate.swift */,
				7026A2D52886D3A900249F1D /* Info.plist */,
			);
			path = App;
			sourceTree = "<group>";
		};
		7026A2E02886DBD100249F1D /* Storyboards */ = {
			isa = PBXGroup;
			children = (
				7026A2CD2886D3A500249F1D /* Main.storyboard */,
				7026A2D22886D3A900249F1D /* LaunchScreen.storyboard */,
			);
			path = Storyboards;
			sourceTree = "<group>";
		};
		7026A2E12886DC3500249F1D /* Models */ = {
			isa = PBXGroup;
			children = (
				7026A2E22886DC5800249F1D /* Person.swift */,
			);
			path = Models;
			sourceTree = "<group>";
		};
/* End PBXGroup section */

/* Begin PBXNativeTarget section */
		7026A2C32886D3A500249F1D /* ContactListProject */ = {
			isa = PBXNativeTarget;
			buildConfigurationList = 7026A2D82886D3A900249F1D /* Build configuration list for PBXNativeTarget "ContactListProject" */;
			buildPhases = (
				7026A2C02886D3A500249F1D /* Sources */,
				7026A2C12886D3A500249F1D /* Frameworks */,
				7026A2C22886D3A500249F1D /* Resources */,
			);
			buildRules = (
			);
			dependencies = (
			);
			name = ContactListProject;
			productName = ContactListProject;
			productReference = 7026A2C42886D3A500249F1D /* ContactListProject.app */;
			productType = "com.apple.product-type.application";
		};
/* End PBXNativeTarget section */

/* Begin PBXProject section */
		7026A2BC2886D3A500249F1D /* Project object */ = {
			isa = PBXProject;
			attributes = {
				BuildIndependentTargetsInParallel = 1;
				LastSwiftUpdateCheck = 1340;
				LastUpgradeCheck = 1340;
				TargetAttributes = {
					7026A2C32886D3A500249F1D = {
						CreatedOnToolsVersion = 13.4.1;
					};
				};
			};
			buildConfigurationList = 7026A2BF2886D3A500249F1D /* Build configuration list for PBXProject "ContactListProject" */;
			compatibilityVersion = "Xcode 13.0";
			developmentRegion = en;
			hasScannedForEncodings = 0;
			knownRegions = (
				en,
				Base,
			);
			mainGroup = 7026A2BB2886D3A500249F1D;
			productRefGroup = 7026A2C52886D3A500249F1D /* Products */;
			projectDirPath = "";
			projectRoot = "";
			targets = (
				7026A2C32886D3A500249F1D /* ContactListProject */,
			);
		};
/* End PBXProject section */

/* Begin PBXResourcesBuildPhase section */
		7026A2C22886D3A500249F1D /* Resources */ = {
			isa = PBXResourcesBuildPhase;
			buildActionMask = 2147483647;
			files = (
				7026A2D42886D3A900249F1D /* LaunchScreen.storyboard in Resources */,
				7026A2D12886D3A900249F1D /* Assets.xcassets in Resources */,
				7026A2CF2886D3A500249F1D /* Main.storyboard in Resources */,
			);
			runOnlyForDeploymentPostprocessing = 0;
		};
/* End PBXResourcesBuildPhase section */

/* Begin PBXSourcesBuildPhase section */
		7026A2C02886D3A500249F1D /* Sources */ = {
			isa = PBXSourcesBuildPhase;
			buildActionMask = 2147483647;
			files = (
				7026A2E52886DCE100249F1D /* FirstScreenOfContactsTableViewController.swift in Sources */,
				7026A2E72886DD0300249F1D /* SecondScreenOfContactsTableViewController.swift in Sources */,
				7026A2E32886DC5800249F1D /* Person.swift in Sources */,
				7026A2DE2886DB9500249F1D /* DataStore.swift in Sources */,
				7026A2C82886D3A500249F1D /* AppDelegate.swift in Sources */,
				7026A2CA2886D3A500249F1D /* SceneDelegate.swift in Sources */,
				7026A2E92886DD8B00249F1D /* DetailsOfContactsViewController.swift in Sources */,
			);
			runOnlyForDeploymentPostprocessing = 0;
		};
/* End PBXSourcesBuildPhase section */

/* Begin PBXVariantGroup section */
		7026A2CD2886D3A500249F1D /* Main.storyboard */ = {
			isa = PBXVariantGroup;
			children = (
				7026A2CE2886D3A500249F1D /* Base */,
			);
			name = Main.storyboard;
			sourceTree = "<group>";
		};
		7026A2D22886D3A900249F1D /* LaunchScreen.storyboard */ = {
			isa = PBXVariantGroup;
			children = (
				7026A2D32886D3A900249F1D /* Base */,
			);
			name = LaunchScreen.storyboard;
			sourceTree = "<group>";
		};
/* End PBXVariantGroup section */

/* Begin XCBuildConfiguration section */
		7026A2D62886D3A900249F1D /* Debug */ = {
			isa = XCBuildConfiguration;
			buildSettings = {
				ALWAYS_SEARCH_USER_PATHS = NO;
				CLANG_ANALYZER_NONNULL = YES;
				CLANG_ANALYZER_NUMBER_OBJECT_CONVERSION = YES_AGGRESSIVE;
				CLANG_CXX_LANGUAGE_STANDARD = "gnu++17";
				CLANG_ENABLE_MODULES = YES;
				CLANG_ENABLE_OBJC_ARC = YES;
				CLANG_ENABLE_OBJC_WEAK = YES;
				CLANG_WARN_BLOCK_CAPTURE_AUTORELEASING = YES;
				CLANG_WARN_BOOL_CONVERSION = YES;
				CLANG_WARN_COMMA = YES;
				CLANG_WARN_CONSTANT_CONVERSION = YES;
				CLANG_WARN_DEPRECATED_OBJC_IMPLEMENTATIONS = YES;
				CLANG_WARN_DIRECT_OBJC_ISA_USAGE = YES_ERROR;
				CLANG_WARN_DOCUMENTATION_COMMENTS = YES;
				CLANG_WARN_EMPTY_BODY = YES;
				CLANG_WARN_ENUM_CONVERSION = YES;
				CLANG_WARN_INFINITE_RECURSION = YES;
				CLANG_WARN_INT_CONVERSION = YES;
				CLANG_WARN_NON_LITERAL_NULL_CONVERSION = YES;
				CLANG_WARN_OBJC_IMPLICIT_RETAIN_SELF = YES;
				CLANG_WARN_OBJC_LITERAL_CONVERSION = YES;
				CLANG_WARN_OBJC_ROOT_CLASS = YES_ERROR;
				CLANG_WARN_QUOTED_INCLUDE_IN_FRAMEWORK_HEADER = YES;
				CLANG_WARN_RANGE_LOOP_ANALYSIS = YES;
				CLANG_WARN_STRICT_PROTOTYPES = YES;
				CLANG_WARN_SUSPICIOUS_MOVE = YES;
				CLANG_WARN_UNGUARDED_AVAILABILITY = YES_AGGRESSIVE;
				CLANG_WARN_UNREACHABLE_CODE = YES;
				CLANG_WARN__DUPLICATE_METHOD_MATCH = YES;
				COPY_PHASE_STRIP = NO;
				DEBUG_INFORMATION_FORMAT = dwarf;
				ENABLE_STRICT_OBJC_MSGSEND = YES;
				ENABLE_TESTABILITY = YES;
				GCC_C_LANGUAGE_STANDARD = gnu11;
				GCC_DYNAMIC_NO_PIC = NO;
				GCC_NO_COMMON_BLOCKS = YES;
				GCC_OPTIMIZATION_LEVEL = 0;
				GCC_PREPROCESSOR_DEFINITIONS = (
					"DEBUG=1",
					"$(inherited)",
				);
				GCC_WARN_64_TO_32_BIT_CONVERSION = YES;
				GCC_WARN_ABOUT_RETURN_TYPE = YES_ERROR;
				GCC_WARN_UNDECLARED_SELECTOR = YES;
				GCC_WARN_UNINITIALIZED_AUTOS = YES_AGGRESSIVE;
				GCC_WARN_UNUSED_FUNCTION = YES;
				GCC_WARN_UNUSED_VARIABLE = YES;
				IPHONEOS_DEPLOYMENT_TARGET = 15.5;
				MTL_ENABLE_DEBUG_INFO = INCLUDE_SOURCE;
				MTL_FAST_MATH = YES;
				ONLY_ACTIVE_ARCH = YES;
				SDKROOT = iphoneos;
				SWIFT_ACTIVE_COMPILATION_CONDITIONS = DEBUG;
				SWIFT_OPTIMIZATION_LEVEL = "-Onone";
			};
			name = Debug;
		};
		7026A2D72886D3A900249F1D /* Release */ = {
			isa = XCBuildConfiguration;
			buildSettings = {
				ALWAYS_SEARCH_USER_PATHS = NO;
				CLANG_ANALYZER_NONNULL = YES;
				CLANG_ANALYZER_NUMBER_OBJECT_CONVERSION = YES_AGGRESSIVE;
				CLANG_CXX_LANGUAGE_STANDARD = "gnu++17";
				CLANG_ENABLE_MODULES = YES;
				CLANG_ENABLE_OBJC_ARC = YES;
				CLANG_ENABLE_OBJC_WEAK = YES;
				CLANG_WARN_BLOCK_CAPTURE_AUTORELEASING = YES;
				CLANG_WARN_BOOL_CONVERSION = YES;
				CLANG_WARN_COMMA = YES;
				CLANG_WARN_CONSTANT_CONVERSION = YES;
				CLANG_WARN_DEPRECATED_OBJC_IMPLEMENTATIONS = YES;
				CLANG_WARN_DIRECT_OBJC_ISA_USAGE = YES_ERROR;
				CLANG_WARN_DOCUMENTATION_COMMENTS = YES;
				CLANG_WARN_EMPTY_BODY = YES;
				CLANG_WARN_ENUM_CONVERSION = YES;
				CLANG_WARN_INFINITE_RECURSION = YES;
				CLANG_WARN_INT_CONVERSION = YES;
				CLANG_WARN_NON_LITERAL_NULL_CONVERSION = YES;
				CLANG_WARN_OBJC_IMPLICIT_RETAIN_SELF = YES;
				CLANG_WARN_OBJC_LITERAL_CONVERSION = YES;
				CLANG_WARN_OBJC_ROOT_CLASS = YES_ERROR;
				CLANG_WARN_QUOTED_INCLUDE_IN_FRAMEWORK_HEADER = YES;
				CLANG_WARN_RANGE_LOOP_ANALYSIS = YES;
				CLANG_WARN_STRICT_PROTOTYPES = YES;
				CLANG_WARN_SUSPICIOUS_MOVE = YES;
				CLANG_WARN_UNGUARDED_AVAILABILITY = YES_AGGRESSIVE;
				CLANG_WARN_UNREACHABLE_CODE = YES;
				CLANG_WARN__DUPLICATE_METHOD_MATCH = YES;
				COPY_PHASE_STRIP = NO;
				DEBUG_INFORMATION_FORMAT = "dwarf-with-dsym";
				ENABLE_NS_ASSERTIONS = NO;
				ENABLE_STRICT_OBJC_MSGSEND = YES;
				GCC_C_LANGUAGE_STANDARD = gnu11;
				GCC_NO_COMMON_BLOCKS = YES;
				GCC_WARN_64_TO_32_BIT_CONVERSION = YES;
				GCC_WARN_ABOUT_RETURN_TYPE = YES_ERROR;
				GCC_WARN_UNDECLARED_SELECTOR = YES;
				GCC_WARN_UNINITIALIZED_AUTOS = YES_AGGRESSIVE;
				GCC_WARN_UNUSED_FUNCTION = YES;
				GCC_WARN_UNUSED_VARIABLE = YES;
				IPHONEOS_DEPLOYMENT_TARGET = 15.5;
				MTL_ENABLE_DEBUG_INFO = NO;
				MTL_FAST_MATH = YES;
				SDKROOT = iphoneos;
				SWIFT_COMPILATION_MODE = wholemodule;
				SWIFT_OPTIMIZATION_LEVEL = "-O";
				VALIDATE_PRODUCT = YES;
			};
			name = Release;
		};
		7026A2D92886D3A900249F1D /* Debug */ = {
			isa = XCBuildConfiguration;
			buildSettings = {
				ASSETCATALOG_COMPILER_APPICON_NAME = AppIcon;
				ASSETCATALOG_COMPILER_GLOBAL_ACCENT_COLOR_NAME = AccentColor;
				CODE_SIGN_STYLE = Automatic;
				CURRENT_PROJECT_VERSION = 1;
				DEVELOPMENT_TEAM = VLWS5J8QR3;
				GENERATE_INFOPLIST_FILE = YES;
				INFOPLIST_FILE = ContactListProject/App/Info.plist;
				INFOPLIST_KEY_UIApplicationSupportsIndirectInputEvents = YES;
				INFOPLIST_KEY_UILaunchStoryboardName = LaunchScreen;
				INFOPLIST_KEY_UIMainStoryboardFile = Main;
				INFOPLIST_KEY_UISupportedInterfaceOrientations_iPad = "UIInterfaceOrientationPortrait UIInterfaceOrientationPortraitUpsideDown UIInterfaceOrientationLandscapeLeft UIInterfaceOrientationLandscapeRight";
				INFOPLIST_KEY_UISupportedInterfaceOrientations_iPhone = "UIInterfaceOrientationPortrait UIInterfaceOrientationLandscapeLeft UIInterfaceOrientationLandscapeRight";
				LD_RUNPATH_SEARCH_PATHS = (
					"$(inherited)",
					"@executable_path/Frameworks",
				);
				MARKETING_VERSION = 1.0;
				PRODUCT_BUNDLE_IDENTIFIER = senatorova.ContactListProject;
				PRODUCT_NAME = "$(TARGET_NAME)";
				SWIFT_EMIT_LOC_STRINGS = YES;
				SWIFT_VERSION = 5.0;
				TARGETED_DEVICE_FAMILY = 1;
			};
			name = Debug;
		};
		7026A2DA2886D3A900249F1D /* Release */ = {
			isa = XCBuildConfiguration;
			buildSettings = {
				ASSETCATALOG_COMPILER_APPICON_NAME = AppIcon;
				ASSETCATALOG_COMPILER_GLOBAL_ACCENT_COLOR_NAME = AccentColor;
				CODE_SIGN_STYLE = Automatic;
				CURRENT_PROJECT_VERSION = 1;
				DEVELOPMENT_TEAM = VLWS5J8QR3;
				GENERATE_INFOPLIST_FILE = YES;
				INFOPLIST_FILE = ContactListProject/App/Info.plist;
				INFOPLIST_KEY_UIApplicationSupportsIndirectInputEvents = YES;
				INFOPLIST_KEY_UILaunchStoryboardName = LaunchScreen;
				INFOPLIST_KEY_UIMainStoryboardFile = Main;
				INFOPLIST_KEY_UISupportedInterfaceOrientations_iPad = "UIInterfaceOrientationPortrait UIInterfaceOrientationPortraitUpsideDown UIInterfaceOrientationLandscapeLeft UIInterfaceOrientationLandscapeRight";
				INFOPLIST_KEY_UISupportedInterfaceOrientations_iPhone = "UIInterfaceOrientationPortrait UIInterfaceOrientationLandscapeLeft UIInterfaceOrientationLandscapeRight";
				LD_RUNPATH_SEARCH_PATHS = (
					"$(inherited)",
					"@executable_path/Frameworks",
				);
				MARKETING_VERSION = 1.0;
				PRODUCT_BUNDLE_IDENTIFIER = senatorova.ContactListProject;
				PRODUCT_NAME = "$(TARGET_NAME)";
				SWIFT_EMIT_LOC_STRINGS = YES;
				SWIFT_VERSION = 5.0;
				TARGETED_DEVICE_FAMILY = 1;
			};
			name = Release;
		};
/* End XCBuildConfiguration section */

/* Begin XCConfigurationList section */
		7026A2BF2886D3A500249F1D /* Build configuration list for PBXProject "ContactListProject" */ = {
			isa = XCConfigurationList;
			buildConfigurations = (
				7026A2D62886D3A900249F1D /* Debug */,
				7026A2D72886D3A900249F1D /* Release */,
			);
			defaultConfigurationIsVisible = 0;
			defaultConfigurationName = Release;
		};
		7026A2D82886D3A900249F1D /* Build configuration list for PBXNativeTarget "ContactListProject" */ = {
			isa = XCConfigurationList;
			buildConfigurations = (
				7026A2D92886D3A900249F1D /* Debug */,
				7026A2DA2886D3A900249F1D /* Release */,
			);
			defaultConfigurationIsVisible = 0;
			defaultConfigurationName = Release;
		};
/* End XCConfigurationList section */
	};
	rootObject = 7026A2BC2886D3A500249F1D /* Project object */;
}
